// !$*UTF8*$!
{
	archiveVersion = 1;
	classes = {
	};
	objectVersion = 46;
	objects = {

/* Begin PBXBuildFile section */
		680A4955184799850097337D /* Icon.png in Resources */ = {isa = PBXBuildFile; fileRef = 68464CFC181B52C100E446E7 /* Icon.png */; };
		680A4956184799850097337D /* Icon@2x.png in Resources */ = {isa = PBXBuildFile; fileRef = 68464CFD181B52C100E446E7 /* Icon@2x.png */; };
		680A4957184799A20097337D /* Localizable.strings in Resources */ = {isa = PBXBuildFile; fileRef = 68BEFD671846E31E000E0F7A /* Localizable.strings */; };
		680CBB9218226FCE007FA794 /* libCorePlot-CocoaTouch.a in Frameworks */ = {isa = PBXBuildFile; fileRef = 680CBB9118226FCE007FA794 /* libCorePlot-CocoaTouch.a */; };
		680CBB941822700F007FA794 /* QuartzCore.framework in Frameworks */ = {isa = PBXBuildFile; fileRef = 680CBB931822700E007FA794 /* QuartzCore.framework */; };
		680CBB971822717B007FA794 /* DataPuller.m in Sources */ = {isa = PBXBuildFile; fileRef = 680CBB961822717B007FA794 /* DataPuller.m */; };
		68238B3A1846E2B90093FF06 /* Localizable.strings in Resources */ = {isa = PBXBuildFile; fileRef = 68238B381846E2B90093FF06 /* Localizable.strings */; };
		682DB7C7181B98450021F509 /* NRUITradeTableViewCell.m in Sources */ = {isa = PBXBuildFile; fileRef = 682DB7C6181B98450021F509 /* NRUITradeTableViewCell.m */; };
		683050351819FE5500BCEFE1 /* UIKit.framework in Frameworks */ = {isa = PBXBuildFile; fileRef = 683050341819FE5500BCEFE1 /* UIKit.framework */; };
		683050371819FE5500BCEFE1 /* Foundation.framework in Frameworks */ = {isa = PBXBuildFile; fileRef = 683050361819FE5500BCEFE1 /* Foundation.framework */; };
		683050391819FE5500BCEFE1 /* CoreGraphics.framework in Frameworks */ = {isa = PBXBuildFile; fileRef = 683050381819FE5500BCEFE1 /* CoreGraphics.framework */; };
		6830503F1819FE5500BCEFE1 /* InfoPlist.strings in Resources */ = {isa = PBXBuildFile; fileRef = 6830503D1819FE5500BCEFE1 /* InfoPlist.strings */; };
		683050411819FE5500BCEFE1 /* main.m in Sources */ = {isa = PBXBuildFile; fileRef = 683050401819FE5500BCEFE1 /* main.m */; };
		683050451819FE5500BCEFE1 /* NRAppDelegate.m in Sources */ = {isa = PBXBuildFile; fileRef = 683050441819FE5500BCEFE1 /* NRAppDelegate.m */; };
		6830504E1819FE5500BCEFE1 /* MainStoryboard.storyboard in Resources */ = {isa = PBXBuildFile; fileRef = 6830504C1819FE5500BCEFE1 /* MainStoryboard.storyboard */; };
		683050511819FE5500BCEFE1 /* NRViewController.m in Sources */ = {isa = PBXBuildFile; fileRef = 683050501819FE5500BCEFE1 /* NRViewController.m */; };
		683050591819FE8B00BCEFE1 /* NROKCoinTicker.m in Sources */ = {isa = PBXBuildFile; fileRef = 683050581819FE8B00BCEFE1 /* NROKCoinTicker.m */; };
		6830505E1819FEE100BCEFE1 /* JSONKit.m in Sources */ = {isa = PBXBuildFile; fileRef = 6830505D1819FEE100BCEFE1 /* JSONKit.m */; settings = {COMPILER_FLAGS = "-fno-objc-arc"; }; };
		68305061181A068E00BCEFE1 /* NRBTCTicker.m in Sources */ = {isa = PBXBuildFile; fileRef = 68305060181A068E00BCEFE1 /* NRBTCTicker.m */; };
		68305064181A06D700BCEFE1 /* NRFXBTCTicker.m in Sources */ = {isa = PBXBuildFile; fileRef = 68305063181A06D700BCEFE1 /* NRFXBTCTicker.m */; };
		68305068181A3C9100BCEFE1 /* ToolBox.m in Sources */ = {isa = PBXBuildFile; fileRef = 68305067181A3C9100BCEFE1 /* ToolBox.m */; };
		6830506B181A795600BCEFE1 /* NRBTCTRADETicker.m in Sources */ = {isa = PBXBuildFile; fileRef = 6830506A181A795600BCEFE1 /* NRBTCTRADETicker.m */; };
		6830506E181AAC0300BCEFE1 /* NRMTGOXTicker.m in Sources */ = {isa = PBXBuildFile; fileRef = 6830506D181AAC0300BCEFE1 /* NRMTGOXTicker.m */; };
		68305071181AB0E400BCEFE1 /* NRBITSTAMPTicker.m in Sources */ = {isa = PBXBuildFile; fileRef = 68305070181AB0E300BCEFE1 /* NRBITSTAMPTicker.m */; };
		68305074181AB82E00BCEFE1 /* NRCHBTCTicker.m in Sources */ = {isa = PBXBuildFile; fileRef = 68305073181AB82D00BCEFE1 /* NRCHBTCTicker.m */; };
		6839E40618349F27005EEF52 /* FSPopDialogViewController.m in Sources */ = {isa = PBXBuildFile; fileRef = 6839E40518349F27005EEF52 /* FSPopDialogViewController.m */; };
		6839E4091834B715005EEF52 /* FSPopDialogBackgroundView.m in Sources */ = {isa = PBXBuildFile; fileRef = 6839E4081834B715005EEF52 /* FSPopDialogBackgroundView.m */; };
		68464CFE181B52C100E446E7 /* Icon-72.png in Resources */ = {isa = PBXBuildFile; fileRef = 68464CF6181B52C100E446E7 /* Icon-72.png */; };
		68464CFF181B52C100E446E7 /* Icon-72@2x.png in Resources */ = {isa = PBXBuildFile; fileRef = 68464CF7181B52C100E446E7 /* Icon-72@2x.png */; };
		68464D00181B52C100E446E7 /* Icon-Small-50.png in Resources */ = {isa = PBXBuildFile; fileRef = 68464CF8181B52C100E446E7 /* Icon-Small-50.png */; };
		68464D01181B52C100E446E7 /* Icon-Small-50@2x.png in Resources */ = {isa = PBXBuildFile; fileRef = 68464CF9181B52C100E446E7 /* Icon-Small-50@2x.png */; };
		68464D02181B52C100E446E7 /* Icon-Small.png in Resources */ = {isa = PBXBuildFile; fileRef = 68464CFA181B52C100E446E7 /* Icon-Small.png */; };
		68464D03181B52C100E446E7 /* Icon-Small@2x.png in Resources */ = {isa = PBXBuildFile; fileRef = 68464CFB181B52C100E446E7 /* Icon-Small@2x.png */; };
		68464D0B181B538D00E446E7 /* Default.png in Resources */ = {isa = PBXBuildFile; fileRef = 68464D0A181B538D00E446E7 /* Default.png */; };
		68464D0D181B53F700E446E7 /* Default@2x.png in Resources */ = {isa = PBXBuildFile; fileRef = 68464D0C181B53F700E446E7 /* Default@2x.png */; };
		68464D0F181B548D00E446E7 /* Default-568h@2x.png in Resources */ = {isa = PBXBuildFile; fileRef = 68464D0E181B548D00E446E7 /* Default-568h@2x.png */; };
		685B6401181AC02600BA0A3A /* NRBTCCHINATicker.m in Sources */ = {isa = PBXBuildFile; fileRef = 685B6400181AC02600BA0A3A /* NRBTCCHINATicker.m */; };
		685B6404181AC7BD00BA0A3A /* NRHUOBITicker.m in Sources */ = {isa = PBXBuildFile; fileRef = 685B6403181AC7BD00BA0A3A /* NRHUOBITicker.m */; };
		685B6407181ACA2500BA0A3A /* NRBTC100Ticker.m in Sources */ = {isa = PBXBuildFile; fileRef = 685B6406181ACA2500BA0A3A /* NRBTC100Ticker.m */; };
		6886308A181CE925003DAF5D /* icon-60@2x.png in Resources */ = {isa = PBXBuildFile; fileRef = 68863089181CE925003DAF5D /* icon-60@2x.png */; };
		6886308C181CE995003DAF5D /* icon-Small40@2x.png in Resources */ = {isa = PBXBuildFile; fileRef = 6886308B181CE995003DAF5D /* icon-Small40@2x.png */; };
		68A7CF76181FA0140097E809 /* NRUIDepthTableViewCell.m in Sources */ = {isa = PBXBuildFile; fileRef = 68A7CF75181FA0140097E809 /* NRUIDepthTableViewCell.m */; };
		68BEFD6C18470DD2000E0F7A /* NRVerifyViewController.m in Sources */ = {isa = PBXBuildFile; fileRef = 68BEFD6B18470DD2000E0F7A /* NRVerifyViewController.m */; };
		68DEDCC5184EAE2E0059E927 /* NRMainViewController.m in Sources */ = {isa = PBXBuildFile; fileRef = 68DEDCC4184EAE2E0059E927 /* NRMainViewController.m */; };
		68DEDCC8184EB00D0059E927 /* NRSwitchViewController.m in Sources */ = {isa = PBXBuildFile; fileRef = 68DEDCC7184EB00D0059E927 /* NRSwitchViewController.m */; };
		68DEDCCB184EB10B0059E927 /* NRLTCViewController.m in Sources */ = {isa = PBXBuildFile; fileRef = 68DEDCCA184EB10B0059E927 /* NRLTCViewController.m */; };
		68FE9D38181CB4D200B1A2CB /* upArrow.png in Resources */ = {isa = PBXBuildFile; fileRef = 68FE9D36181CB4D200B1A2CB /* upArrow.png */; };
		68FE9D39181CB4D200B1A2CB /* upArrow@2x.png in Resources */ = {isa = PBXBuildFile; fileRef = 68FE9D37181CB4D200B1A2CB /* upArrow@2x.png */; };
		6F3FFF6EECA2450FBEC29B09 /* libPods.a in Frameworks */ = {isa = PBXBuildFile; fileRef = 90EBD547FE7E497B897973A8 /* libPods.a */; };
/* End PBXBuildFile section */

/* Begin PBXFileReference section */
		680CBB4318226FCE007FA794 /* CorePlot-CocoaTouch.h */ = {isa = PBXFileReference; fileEncoding = 4; lastKnownFileType = sourcecode.c.h; path = "CorePlot-CocoaTouch.h"; sourceTree = "<group>"; };
		680CBB4418226FCE007FA794 /* CPTAnimation.h */ = {isa = PBXFileReference; fileEncoding = 4; lastKnownFileType = sourcecode.c.h; path = CPTAnimation.h; sourceTree = "<group>"; };
		680CBB4518226FCE007FA794 /* CPTAnimationOperation.h */ = {isa = PBXFileReference; fileEncoding = 4; lastKnownFileType = sourcecode.c.h; path = CPTAnimationOperation.h; sourceTree = "<group>"; };
		680CBB4618226FCE007FA794 /* CPTAnimationPeriod.h */ = {isa = PBXFileReference; fileEncoding = 4; lastKnownFileType = sourcecode.c.h; path = CPTAnimationPeriod.h; sourceTree = "<group>"; };
		680CBB4718226FCE007FA794 /* CPTAnnotation.h */ = {isa = PBXFileReference; fileEncoding = 4; lastKnownFileType = sourcecode.c.h; path = CPTAnnotation.h; sourceTree = "<group>"; };
		680CBB4818226FCE007FA794 /* CPTAnnotationHostLayer.h */ = {isa = PBXFileReference; fileEncoding = 4; lastKnownFileType = sourcecode.c.h; path = CPTAnnotationHostLayer.h; sourceTree = "<group>"; };
		680CBB4918226FCE007FA794 /* CPTAxis.h */ = {isa = PBXFileReference; fileEncoding = 4; lastKnownFileType = sourcecode.c.h; path = CPTAxis.h; sourceTree = "<group>"; };
		680CBB4A18226FCE007FA794 /* CPTAxisLabel.h */ = {isa = PBXFileReference; fileEncoding = 4; lastKnownFileType = sourcecode.c.h; path = CPTAxisLabel.h; sourceTree = "<group>"; };
		680CBB4B18226FCE007FA794 /* CPTAxisLabelGroup.h */ = {isa = PBXFileReference; fileEncoding = 4; lastKnownFileType = sourcecode.c.h; path = CPTAxisLabelGroup.h; sourceTree = "<group>"; };
		680CBB4C18226FCE007FA794 /* CPTAxisSet.h */ = {isa = PBXFileReference; fileEncoding = 4; lastKnownFileType = sourcecode.c.h; path = CPTAxisSet.h; sourceTree = "<group>"; };
		680CBB4D18226FCE007FA794 /* CPTAxisTitle.h */ = {isa = PBXFileReference; fileEncoding = 4; lastKnownFileType = sourcecode.c.h; path = CPTAxisTitle.h; sourceTree = "<group>"; };
		680CBB4E18226FCE007FA794 /* CPTBarPlot.h */ = {isa = PBXFileReference; fileEncoding = 4; lastKnownFileType = sourcecode.c.h; path = CPTBarPlot.h; sourceTree = "<group>"; };
		680CBB4F18226FCE007FA794 /* CPTBorderedLayer.h */ = {isa = PBXFileReference; fileEncoding = 4; lastKnownFileType = sourcecode.c.h; path = CPTBorderedLayer.h; sourceTree = "<group>"; };
		680CBB5018226FCE007FA794 /* CPTCalendarFormatter.h */ = {isa = PBXFileReference; fileEncoding = 4; lastKnownFileType = sourcecode.c.h; path = CPTCalendarFormatter.h; sourceTree = "<group>"; };
		680CBB5118226FCE007FA794 /* CPTColor.h */ = {isa = PBXFileReference; fileEncoding = 4; lastKnownFileType = sourcecode.c.h; path = CPTColor.h; sourceTree = "<group>"; };
		680CBB5218226FCE007FA794 /* CPTColorSpace.h */ = {isa = PBXFileReference; fileEncoding = 4; lastKnownFileType = sourcecode.c.h; path = CPTColorSpace.h; sourceTree = "<group>"; };
		680CBB5318226FCE007FA794 /* CPTConstraints.h */ = {isa = PBXFileReference; fileEncoding = 4; lastKnownFileType = sourcecode.c.h; path = CPTConstraints.h; sourceTree = "<group>"; };
		680CBB5418226FCE007FA794 /* CPTDataSourceTestCase.h */ = {isa = PBXFileReference; fileEncoding = 4; lastKnownFileType = sourcecode.c.h; path = CPTDataSourceTestCase.h; sourceTree = "<group>"; };
		680CBB5518226FCE007FA794 /* CPTDefinitions.h */ = {isa = PBXFileReference; fileEncoding = 4; lastKnownFileType = sourcecode.c.h; path = CPTDefinitions.h; sourceTree = "<group>"; };
		680CBB5618226FCE007FA794 /* CPTDerivedXYGraph.h */ = {isa = PBXFileReference; fileEncoding = 4; lastKnownFileType = sourcecode.c.h; path = CPTDerivedXYGraph.h; sourceTree = "<group>"; };
		680CBB5718226FCE007FA794 /* CPTExceptions.h */ = {isa = PBXFileReference; fileEncoding = 4; lastKnownFileType = sourcecode.c.h; path = CPTExceptions.h; sourceTree = "<group>"; };
		680CBB5818226FCE007FA794 /* CPTFill.h */ = {isa = PBXFileReference; fileEncoding = 4; lastKnownFileType = sourcecode.c.h; path = CPTFill.h; sourceTree = "<group>"; };
		680CBB5918226FCE007FA794 /* CPTFunctionDataSource.h */ = {isa = PBXFileReference; fileEncoding = 4; lastKnownFileType = sourcecode.c.h; path = CPTFunctionDataSource.h; sourceTree = "<group>"; };
		680CBB5A18226FCE007FA794 /* CPTGradient.h */ = {isa = PBXFileReference; fileEncoding = 4; lastKnownFileType = sourcecode.c.h; path = CPTGradient.h; sourceTree = "<group>"; };
		680CBB5B18226FCE007FA794 /* CPTGraph.h */ = {isa = PBXFileReference; fileEncoding = 4; lastKnownFileType = sourcecode.c.h; path = CPTGraph.h; sourceTree = "<group>"; };
		680CBB5C18226FCE007FA794 /* CPTGraphHostingView.h */ = {isa = PBXFileReference; fileEncoding = 4; lastKnownFileType = sourcecode.c.h; path = CPTGraphHostingView.h; sourceTree = "<group>"; };
		680CBB5D18226FCE007FA794 /* CPTGridLineGroup.h */ = {isa = PBXFileReference; fileEncoding = 4; lastKnownFileType = sourcecode.c.h; path = CPTGridLineGroup.h; sourceTree = "<group>"; };
		680CBB5E18226FCE007FA794 /* CPTGridLines.h */ = {isa = PBXFileReference; fileEncoding = 4; lastKnownFileType = sourcecode.c.h; path = CPTGridLines.h; sourceTree = "<group>"; };
		680CBB5F18226FCE007FA794 /* CPTImage.h */ = {isa = PBXFileReference; fileEncoding = 4; lastKnownFileType = sourcecode.c.h; path = CPTImage.h; sourceTree = "<group>"; };
		680CBB6018226FCE007FA794 /* CPTLayer.h */ = {isa = PBXFileReference; fileEncoding = 4; lastKnownFileType = sourcecode.c.h; path = CPTLayer.h; sourceTree = "<group>"; };
		680CBB6118226FCE007FA794 /* CPTLayerAnnotation.h */ = {isa = PBXFileReference; fileEncoding = 4; lastKnownFileType = sourcecode.c.h; path = CPTLayerAnnotation.h; sourceTree = "<group>"; };
		680CBB6218226FCE007FA794 /* CPTLegend.h */ = {isa = PBXFileReference; fileEncoding = 4; lastKnownFileType = sourcecode.c.h; path = CPTLegend.h; sourceTree = "<group>"; };
		680CBB6318226FCE007FA794 /* CPTLegendEntry.h */ = {isa = PBXFileReference; fileEncoding = 4; lastKnownFileType = sourcecode.c.h; path = CPTLegendEntry.h; sourceTree = "<group>"; };
		680CBB6418226FCE007FA794 /* CPTLimitBand.h */ = {isa = PBXFileReference; fileEncoding = 4; lastKnownFileType = sourcecode.c.h; path = CPTLimitBand.h; sourceTree = "<group>"; };
		680CBB6518226FCE007FA794 /* CPTLineCap.h */ = {isa = PBXFileReference; fileEncoding = 4; lastKnownFileType = sourcecode.c.h; path = CPTLineCap.h; sourceTree = "<group>"; };
		680CBB6618226FCE007FA794 /* CPTLineStyle.h */ = {isa = PBXFileReference; fileEncoding = 4; lastKnownFileType = sourcecode.c.h; path = CPTLineStyle.h; sourceTree = "<group>"; };
		680CBB6718226FCE007FA794 /* CPTMutableLineStyle.h */ = {isa = PBXFileReference; fileEncoding = 4; lastKnownFileType = sourcecode.c.h; path = CPTMutableLineStyle.h; sourceTree = "<group>"; };
		680CBB6818226FCE007FA794 /* CPTMutableNumericData+TypeConversion.h */ = {isa = PBXFileReference; fileEncoding = 4; lastKnownFileType = sourcecode.c.h; path = "CPTMutableNumericData+TypeConversion.h"; sourceTree = "<group>"; };
		680CBB6918226FCE007FA794 /* CPTMutableNumericData.h */ = {isa = PBXFileReference; fileEncoding = 4; lastKnownFileType = sourcecode.c.h; path = CPTMutableNumericData.h; sourceTree = "<group>"; };
		680CBB6A18226FCE007FA794 /* CPTMutablePlotRange.h */ = {isa = PBXFileReference; fileEncoding = 4; lastKnownFileType = sourcecode.c.h; path = CPTMutablePlotRange.h; sourceTree = "<group>"; };
		680CBB6B18226FCE007FA794 /* CPTMutableShadow.h */ = {isa = PBXFileReference; fileEncoding = 4; lastKnownFileType = sourcecode.c.h; path = CPTMutableShadow.h; sourceTree = "<group>"; };
		680CBB6C18226FCE007FA794 /* CPTMutableTextStyle.h */ = {isa = PBXFileReference; fileEncoding = 4; lastKnownFileType = sourcecode.c.h; path = CPTMutableTextStyle.h; sourceTree = "<group>"; };
		680CBB6D18226FCE007FA794 /* CPTNumericData+TypeConversion.h */ = {isa = PBXFileReference; fileEncoding = 4; lastKnownFileType = sourcecode.c.h; path = "CPTNumericData+TypeConversion.h"; sourceTree = "<group>"; };
		680CBB6E18226FCE007FA794 /* CPTNumericData.h */ = {isa = PBXFileReference; fileEncoding = 4; lastKnownFileType = sourcecode.c.h; path = CPTNumericData.h; sourceTree = "<group>"; };
		680CBB6F18226FCE007FA794 /* CPTNumericDataType.h */ = {isa = PBXFileReference; fileEncoding = 4; lastKnownFileType = sourcecode.c.h; path = CPTNumericDataType.h; sourceTree = "<group>"; };
		680CBB7018226FCE007FA794 /* CPTPathExtensions.h */ = {isa = PBXFileReference; fileEncoding = 4; lastKnownFileType = sourcecode.c.h; path = CPTPathExtensions.h; sourceTree = "<group>"; };
		680CBB7118226FCE007FA794 /* CPTPieChart.h */ = {isa = PBXFileReference; fileEncoding = 4; lastKnownFileType = sourcecode.c.h; path = CPTPieChart.h; sourceTree = "<group>"; };
		680CBB7218226FCE007FA794 /* CPTPlatformSpecificCategories.h */ = {isa = PBXFileReference; fileEncoding = 4; lastKnownFileType = sourcecode.c.h; path = CPTPlatformSpecificCategories.h; sourceTree = "<group>"; };
		680CBB7318226FCE007FA794 /* CPTPlatformSpecificDefines.h */ = {isa = PBXFileReference; fileEncoding = 4; lastKnownFileType = sourcecode.c.h; path = CPTPlatformSpecificDefines.h; sourceTree = "<group>"; };
		680CBB7418226FCE007FA794 /* CPTPlatformSpecificFunctions.h */ = {isa = PBXFileReference; fileEncoding = 4; lastKnownFileType = sourcecode.c.h; path = CPTPlatformSpecificFunctions.h; sourceTree = "<group>"; };
		680CBB7518226FCE007FA794 /* CPTPlot.h */ = {isa = PBXFileReference; fileEncoding = 4; lastKnownFileType = sourcecode.c.h; path = CPTPlot.h; sourceTree = "<group>"; };
		680CBB7618226FCE007FA794 /* CPTPlotArea.h */ = {isa = PBXFileReference; fileEncoding = 4; lastKnownFileType = sourcecode.c.h; path = CPTPlotArea.h; sourceTree = "<group>"; };
		680CBB7718226FCE007FA794 /* CPTPlotAreaFrame.h */ = {isa = PBXFileReference; fileEncoding = 4; lastKnownFileType = sourcecode.c.h; path = CPTPlotAreaFrame.h; sourceTree = "<group>"; };
		680CBB7818226FCE007FA794 /* CPTPlotGroup.h */ = {isa = PBXFileReference; fileEncoding = 4; lastKnownFileType = sourcecode.c.h; path = CPTPlotGroup.h; sourceTree = "<group>"; };
		680CBB7918226FCE007FA794 /* CPTPlotRange.h */ = {isa = PBXFileReference; fileEncoding = 4; lastKnownFileType = sourcecode.c.h; path = CPTPlotRange.h; sourceTree = "<group>"; };
		680CBB7A18226FCE007FA794 /* CPTPlotSpace.h */ = {isa = PBXFileReference; fileEncoding = 4; lastKnownFileType = sourcecode.c.h; path = CPTPlotSpace.h; sourceTree = "<group>"; };
		680CBB7B18226FCE007FA794 /* CPTPlotSpaceAnnotation.h */ = {isa = PBXFileReference; fileEncoding = 4; lastKnownFileType = sourcecode.c.h; path = CPTPlotSpaceAnnotation.h; sourceTree = "<group>"; };
		680CBB7C18226FCE007FA794 /* CPTPlotSymbol.h */ = {isa = PBXFileReference; fileEncoding = 4; lastKnownFileType = sourcecode.c.h; path = CPTPlotSymbol.h; sourceTree = "<group>"; };
		680CBB7D18226FCE007FA794 /* CPTRangePlot.h */ = {isa = PBXFileReference; fileEncoding = 4; lastKnownFileType = sourcecode.c.h; path = CPTRangePlot.h; sourceTree = "<group>"; };
		680CBB7E18226FCE007FA794 /* CPTResponder.h */ = {isa = PBXFileReference; fileEncoding = 4; lastKnownFileType = sourcecode.c.h; path = CPTResponder.h; sourceTree = "<group>"; };
		680CBB7F18226FCE007FA794 /* CPTScatterPlot.h */ = {isa = PBXFileReference; fileEncoding = 4; lastKnownFileType = sourcecode.c.h; path = CPTScatterPlot.h; sourceTree = "<group>"; };
		680CBB8018226FCE007FA794 /* CPTShadow.h */ = {isa = PBXFileReference; fileEncoding = 4; lastKnownFileType = sourcecode.c.h; path = CPTShadow.h; sourceTree = "<group>"; };
		680CBB8118226FCE007FA794 /* CPTTestCase.h */ = {isa = PBXFileReference; fileEncoding = 4; lastKnownFileType = sourcecode.c.h; path = CPTTestCase.h; sourceTree = "<group>"; };
		680CBB8218226FCE007FA794 /* CPTTextLayer.h */ = {isa = PBXFileReference; fileEncoding = 4; lastKnownFileType = sourcecode.c.h; path = CPTTextLayer.h; sourceTree = "<group>"; };
		680CBB8318226FCE007FA794 /* CPTTextStyle.h */ = {isa = PBXFileReference; fileEncoding = 4; lastKnownFileType = sourcecode.c.h; path = CPTTextStyle.h; sourceTree = "<group>"; };
		680CBB8418226FCE007FA794 /* CPTTextStylePlatformSpecific.h */ = {isa = PBXFileReference; fileEncoding = 4; lastKnownFileType = sourcecode.c.h; path = CPTTextStylePlatformSpecific.h; sourceTree = "<group>"; };
		680CBB8518226FCE007FA794 /* CPTTheme.h */ = {isa = PBXFileReference; fileEncoding = 4; lastKnownFileType = sourcecode.c.h; path = CPTTheme.h; sourceTree = "<group>"; };
		680CBB8618226FCE007FA794 /* CPTTimeFormatter.h */ = {isa = PBXFileReference; fileEncoding = 4; lastKnownFileType = sourcecode.c.h; path = CPTTimeFormatter.h; sourceTree = "<group>"; };
		680CBB8718226FCE007FA794 /* CPTTradingRangePlot.h */ = {isa = PBXFileReference; fileEncoding = 4; lastKnownFileType = sourcecode.c.h; path = CPTTradingRangePlot.h; sourceTree = "<group>"; };
		680CBB8818226FCE007FA794 /* CPTUtilities.h */ = {isa = PBXFileReference; fileEncoding = 4; lastKnownFileType = sourcecode.c.h; path = CPTUtilities.h; sourceTree = "<group>"; };
		680CBB8918226FCE007FA794 /* CPTXYAxis.h */ = {isa = PBXFileReference; fileEncoding = 4; lastKnownFileType = sourcecode.c.h; path = CPTXYAxis.h; sourceTree = "<group>"; };
		680CBB8A18226FCE007FA794 /* CPTXYAxisSet.h */ = {isa = PBXFileReference; fileEncoding = 4; lastKnownFileType = sourcecode.c.h; path = CPTXYAxisSet.h; sourceTree = "<group>"; };
		680CBB8B18226FCE007FA794 /* CPTXYGraph.h */ = {isa = PBXFileReference; fileEncoding = 4; lastKnownFileType = sourcecode.c.h; path = CPTXYGraph.h; sourceTree = "<group>"; };
		680CBB8C18226FCE007FA794 /* CPTXYPlotSpace.h */ = {isa = PBXFileReference; fileEncoding = 4; lastKnownFileType = sourcecode.c.h; path = CPTXYPlotSpace.h; sourceTree = "<group>"; };
		680CBB8D18226FCE007FA794 /* mainpage.h */ = {isa = PBXFileReference; fileEncoding = 4; lastKnownFileType = sourcecode.c.h; path = mainpage.h; sourceTree = "<group>"; };
		680CBB8E18226FCE007FA794 /* NSCoderExtensions.h */ = {isa = PBXFileReference; fileEncoding = 4; lastKnownFileType = sourcecode.c.h; path = NSCoderExtensions.h; sourceTree = "<group>"; };
		680CBB8F18226FCE007FA794 /* NSDecimalNumberExtensions.h */ = {isa = PBXFileReference; fileEncoding = 4; lastKnownFileType = sourcecode.c.h; path = NSDecimalNumberExtensions.h; sourceTree = "<group>"; };
		680CBB9018226FCE007FA794 /* NSNumberExtensions.h */ = {isa = PBXFileReference; fileEncoding = 4; lastKnownFileType = sourcecode.c.h; path = NSNumberExtensions.h; sourceTree = "<group>"; };
		680CBB9118226FCE007FA794 /* libCorePlot-CocoaTouch.a */ = {isa = PBXFileReference; lastKnownFileType = archive.ar; path = "libCorePlot-CocoaTouch.a"; sourceTree = "<group>"; };
		680CBB931822700E007FA794 /* QuartzCore.framework */ = {isa = PBXFileReference; lastKnownFileType = wrapper.framework; name = QuartzCore.framework; path = System/Library/Frameworks/QuartzCore.framework; sourceTree = SDKROOT; };
		680CBB951822717B007FA794 /* DataPuller.h */ = {isa = PBXFileReference; fileEncoding = 4; lastKnownFileType = sourcecode.c.h; path = DataPuller.h; sourceTree = "<group>"; };
		680CBB961822717B007FA794 /* DataPuller.m */ = {isa = PBXFileReference; fileEncoding = 4; lastKnownFileType = sourcecode.c.objc; path = DataPuller.m; sourceTree = "<group>"; };
		68238B361846DFC10093FF06 /* zh-Hans */ = {isa = PBXFileReference; lastKnownFileType = file.storyboard; name = "zh-Hans"; path = "zh-Hans.lproj/MainStoryboard.storyboard"; sourceTree = "<group>"; };
		68238B371846DFC10093FF06 /* zh-Hans */ = {isa = PBXFileReference; lastKnownFileType = text.plist.strings; name = "zh-Hans"; path = "zh-Hans.lproj/InfoPlist.strings"; sourceTree = "<group>"; };
		68238B391846E2B90093FF06 /* en */ = {isa = PBXFileReference; lastKnownFileType = text.plist.strings; name = en; path = en.lproj/Localizable.strings; sourceTree = "<group>"; };
		682DB7C5181B98450021F509 /* NRUITradeTableViewCell.h */ = {isa = PBXFileReference; fileEncoding = 4; lastKnownFileType = sourcecode.c.h; path = NRUITradeTableViewCell.h; sourceTree = "<group>"; };
		682DB7C6181B98450021F509 /* NRUITradeTableViewCell.m */ = {isa = PBXFileReference; fileEncoding = 4; lastKnownFileType = sourcecode.c.objc; path = NRUITradeTableViewCell.m; sourceTree = "<group>"; };
		683050311819FE5500BCEFE1 /* CoinUp.app */ = {isa = PBXFileReference; explicitFileType = wrapper.application; includeInIndex = 0; path = CoinUp.app; sourceTree = BUILT_PRODUCTS_DIR; };
		683050341819FE5500BCEFE1 /* UIKit.framework */ = {isa = PBXFileReference; lastKnownFileType = wrapper.framework; name = UIKit.framework; path = System/Library/Frameworks/UIKit.framework; sourceTree = SDKROOT; };
		683050361819FE5500BCEFE1 /* Foundation.framework */ = {isa = PBXFileReference; lastKnownFileType = wrapper.framework; name = Foundation.framework; path = System/Library/Frameworks/Foundation.framework; sourceTree = SDKROOT; };
		683050381819FE5500BCEFE1 /* CoreGraphics.framework */ = {isa = PBXFileReference; lastKnownFileType = wrapper.framework; name = CoreGraphics.framework; path = System/Library/Frameworks/CoreGraphics.framework; sourceTree = SDKROOT; };
		6830503C1819FE5500BCEFE1 /* CoinUp-Info.plist */ = {isa = PBXFileReference; lastKnownFileType = text.plist.xml; path = "CoinUp-Info.plist"; sourceTree = "<group>"; };
		6830503E1819FE5500BCEFE1 /* en */ = {isa = PBXFileReference; lastKnownFileType = text.plist.strings; name = en; path = en.lproj/InfoPlist.strings; sourceTree = "<group>"; };
		683050401819FE5500BCEFE1 /* main.m */ = {isa = PBXFileReference; lastKnownFileType = sourcecode.c.objc; path = main.m; sourceTree = "<group>"; };
		683050421819FE5500BCEFE1 /* CoinUp-Prefix.pch */ = {isa = PBXFileReference; lastKnownFileType = sourcecode.c.h; path = "CoinUp-Prefix.pch"; sourceTree = "<group>"; };
		683050431819FE5500BCEFE1 /* NRAppDelegate.h */ = {isa = PBXFileReference; lastKnownFileType = sourcecode.c.h; path = NRAppDelegate.h; sourceTree = "<group>"; };
		683050441819FE5500BCEFE1 /* NRAppDelegate.m */ = {isa = PBXFileReference; lastKnownFileType = sourcecode.c.objc; path = NRAppDelegate.m; sourceTree = "<group>"; };
		683050461819FE5500BCEFE1 /* Default.png */ = {isa = PBXFileReference; lastKnownFileType = image.png; path = Default.png; sourceTree = "<group>"; };
		683050481819FE5500BCEFE1 /* Default@2x.png */ = {isa = PBXFileReference; lastKnownFileType = image.png; path = "Default@2x.png"; sourceTree = "<group>"; };
		6830504A1819FE5500BCEFE1 /* Default-568h@2x.png */ = {isa = PBXFileReference; lastKnownFileType = image.png; path = "Default-568h@2x.png"; sourceTree = "<group>"; };
		6830504D1819FE5500BCEFE1 /* en */ = {isa = PBXFileReference; lastKnownFileType = file.storyboard; name = en; path = en.lproj/MainStoryboard.storyboard; sourceTree = "<group>"; };
		6830504F1819FE5500BCEFE1 /* NRViewController.h */ = {isa = PBXFileReference; lastKnownFileType = sourcecode.c.h; path = NRViewController.h; sourceTree = "<group>"; };
		683050501819FE5500BCEFE1 /* NRViewController.m */ = {isa = PBXFileReference; lastKnownFileType = sourcecode.c.objc; path = NRViewController.m; sourceTree = "<group>"; };
		683050571819FE8B00BCEFE1 /* NROKCoinTicker.h */ = {isa = PBXFileReference; fileEncoding = 4; lastKnownFileType = sourcecode.c.h; name = NROKCoinTicker.h; path = CoinUp/NROKCoinTicker.h; sourceTree = "<group>"; };
		683050581819FE8B00BCEFE1 /* NROKCoinTicker.m */ = {isa = PBXFileReference; fileEncoding = 4; lastKnownFileType = sourcecode.c.objc; name = NROKCoinTicker.m; path = CoinUp/NROKCoinTicker.m; sourceTree = "<group>"; };
		6830505C1819FEE100BCEFE1 /* JSONKit.h */ = {isa = PBXFileReference; fileEncoding = 4; lastKnownFileType = sourcecode.c.h; path = JSONKit.h; sourceTree = "<group>"; };
		6830505D1819FEE100BCEFE1 /* JSONKit.m */ = {isa = PBXFileReference; fileEncoding = 4; lastKnownFileType = sourcecode.c.objc; path = JSONKit.m; sourceTree = "<group>"; };
		6830505F181A068E00BCEFE1 /* NRBTCTicker.h */ = {isa = PBXFileReference; fileEncoding = 4; lastKnownFileType = sourcecode.c.h; name = NRBTCTicker.h; path = CoinUp/NRBTCTicker.h; sourceTree = "<group>"; };
		68305060181A068E00BCEFE1 /* NRBTCTicker.m */ = {isa = PBXFileReference; fileEncoding = 4; lastKnownFileType = sourcecode.c.objc; name = NRBTCTicker.m; path = CoinUp/NRBTCTicker.m; sourceTree = "<group>"; };
		68305062181A06D700BCEFE1 /* NRFXBTCTicker.h */ = {isa = PBXFileReference; fileEncoding = 4; lastKnownFileType = sourcecode.c.h; name = NRFXBTCTicker.h; path = CoinUp/NRFXBTCTicker.h; sourceTree = "<group>"; };
		68305063181A06D700BCEFE1 /* NRFXBTCTicker.m */ = {isa = PBXFileReference; fileEncoding = 4; lastKnownFileType = sourcecode.c.objc; name = NRFXBTCTicker.m; path = CoinUp/NRFXBTCTicker.m; sourceTree = "<group>"; };
		68305065181A0C9500BCEFE1 /* NRCoinUpBoard.h */ = {isa = PBXFileReference; lastKnownFileType = sourcecode.c.h; path = NRCoinUpBoard.h; sourceTree = "<group>"; };
		68305066181A3C9100BCEFE1 /* ToolBox.h */ = {isa = PBXFileReference; fileEncoding = 4; lastKnownFileType = sourcecode.c.h; path = ToolBox.h; sourceTree = "<group>"; };
		68305067181A3C9100BCEFE1 /* ToolBox.m */ = {isa = PBXFileReference; fileEncoding = 4; lastKnownFileType = sourcecode.c.objc; path = ToolBox.m; sourceTree = "<group>"; };
		68305069181A795600BCEFE1 /* NRBTCTRADETicker.h */ = {isa = PBXFileReference; fileEncoding = 4; lastKnownFileType = sourcecode.c.h; name = NRBTCTRADETicker.h; path = CoinUp/NRBTCTRADETicker.h; sourceTree = "<group>"; };
		6830506A181A795600BCEFE1 /* NRBTCTRADETicker.m */ = {isa = PBXFileReference; fileEncoding = 4; lastKnownFileType = sourcecode.c.objc; name = NRBTCTRADETicker.m; path = CoinUp/NRBTCTRADETicker.m; sourceTree = "<group>"; };
		6830506C181AAC0300BCEFE1 /* NRMTGOXTicker.h */ = {isa = PBXFileReference; fileEncoding = 4; lastKnownFileType = sourcecode.c.h; name = NRMTGOXTicker.h; path = CoinUp/NRMTGOXTicker.h; sourceTree = "<group>"; };
		6830506D181AAC0300BCEFE1 /* NRMTGOXTicker.m */ = {isa = PBXFileReference; fileEncoding = 4; lastKnownFileType = sourcecode.c.objc; name = NRMTGOXTicker.m; path = CoinUp/NRMTGOXTicker.m; sourceTree = "<group>"; };
		6830506F181AB0E300BCEFE1 /* NRBITSTAMPTicker.h */ = {isa = PBXFileReference; fileEncoding = 4; lastKnownFileType = sourcecode.c.h; name = NRBITSTAMPTicker.h; path = CoinUp/NRBITSTAMPTicker.h; sourceTree = "<group>"; };
		68305070181AB0E300BCEFE1 /* NRBITSTAMPTicker.m */ = {isa = PBXFileReference; fileEncoding = 4; lastKnownFileType = sourcecode.c.objc; name = NRBITSTAMPTicker.m; path = CoinUp/NRBITSTAMPTicker.m; sourceTree = "<group>"; };
		68305073181AB82D00BCEFE1 /* NRCHBTCTicker.m */ = {isa = PBXFileReference; fileEncoding = 4; lastKnownFileType = sourcecode.c.objc; name = NRCHBTCTicker.m; path = CoinUp/NRCHBTCTicker.m; sourceTree = "<group>"; };
		6839E40418349F27005EEF52 /* FSPopDialogViewController.h */ = {isa = PBXFileReference; fileEncoding = 4; lastKnownFileType = sourcecode.c.h; path = FSPopDialogViewController.h; sourceTree = "<group>"; };
		6839E40518349F27005EEF52 /* FSPopDialogViewController.m */ = {isa = PBXFileReference; fileEncoding = 4; lastKnownFileType = sourcecode.c.objc; path = FSPopDialogViewController.m; sourceTree = "<group>"; };
		6839E4071834B715005EEF52 /* FSPopDialogBackgroundView.h */ = {isa = PBXFileReference; fileEncoding = 4; lastKnownFileType = sourcecode.c.h; path = FSPopDialogBackgroundView.h; sourceTree = "<group>"; };
		6839E4081834B715005EEF52 /* FSPopDialogBackgroundView.m */ = {isa = PBXFileReference; fileEncoding = 4; lastKnownFileType = sourcecode.c.objc; path = FSPopDialogBackgroundView.m; sourceTree = "<group>"; };
		68464CF6181B52C100E446E7 /* Icon-72.png */ = {isa = PBXFileReference; lastKnownFileType = image.png; path = "Icon-72.png"; sourceTree = "<group>"; };
		68464CF7181B52C100E446E7 /* Icon-72@2x.png */ = {isa = PBXFileReference; lastKnownFileType = image.png; path = "Icon-72@2x.png"; sourceTree = "<group>"; };
		68464CF8181B52C100E446E7 /* Icon-Small-50.png */ = {isa = PBXFileReference; lastKnownFileType = image.png; path = "Icon-Small-50.png"; sourceTree = "<group>"; };
		68464CF9181B52C100E446E7 /* Icon-Small-50@2x.png */ = {isa = PBXFileReference; lastKnownFileType = image.png; path = "Icon-Small-50@2x.png"; sourceTree = "<group>"; };
		68464CFA181B52C100E446E7 /* Icon-Small.png */ = {isa = PBXFileReference; lastKnownFileType = image.png; path = "Icon-Small.png"; sourceTree = "<group>"; };
		68464CFB181B52C100E446E7 /* Icon-Small@2x.png */ = {isa = PBXFileReference; lastKnownFileType = image.png; path = "Icon-Small@2x.png"; sourceTree = "<group>"; };
		68464CFC181B52C100E446E7 /* Icon.png */ = {isa = PBXFileReference; lastKnownFileType = image.png; path = Icon.png; sourceTree = "<group>"; };
		68464CFD181B52C100E446E7 /* Icon@2x.png */ = {isa = PBXFileReference; lastKnownFileType = image.png; path = "Icon@2x.png"; sourceTree = "<group>"; };
		68464D0A181B538D00E446E7 /* Default.png */ = {isa = PBXFileReference; lastKnownFileType = image.png; path = Default.png; sourceTree = "<group>"; };
		68464D0C181B53F700E446E7 /* Default@2x.png */ = {isa = PBXFileReference; lastKnownFileType = image.png; path = "Default@2x.png"; sourceTree = "<group>"; };
		68464D0E181B548D00E446E7 /* Default-568h@2x.png */ = {isa = PBXFileReference; lastKnownFileType = image.png; path = "Default-568h@2x.png"; sourceTree = "<group>"; };
		685B63FC181AC00100BA0A3A /* NRCHBTCTicker.h */ = {isa = PBXFileReference; fileEncoding = 4; lastKnownFileType = sourcecode.c.h; name = NRCHBTCTicker.h; path = CoinUp/NRCHBTCTicker.h; sourceTree = "<group>"; };
		685B63FF181AC02600BA0A3A /* NRBTCCHINATicker.h */ = {isa = PBXFileReference; fileEncoding = 4; lastKnownFileType = sourcecode.c.h; name = NRBTCCHINATicker.h; path = CoinUp/NRBTCCHINATicker.h; sourceTree = "<group>"; };
		685B6400181AC02600BA0A3A /* NRBTCCHINATicker.m */ = {isa = PBXFileReference; fileEncoding = 4; lastKnownFileType = sourcecode.c.objc; name = NRBTCCHINATicker.m; path = CoinUp/NRBTCCHINATicker.m; sourceTree = "<group>"; };
		685B6402181AC7BD00BA0A3A /* NRHUOBITicker.h */ = {isa = PBXFileReference; fileEncoding = 4; lastKnownFileType = sourcecode.c.h; name = NRHUOBITicker.h; path = CoinUp/NRHUOBITicker.h; sourceTree = "<group>"; };
		685B6403181AC7BD00BA0A3A /* NRHUOBITicker.m */ = {isa = PBXFileReference; fileEncoding = 4; lastKnownFileType = sourcecode.c.objc; name = NRHUOBITicker.m; path = CoinUp/NRHUOBITicker.m; sourceTree = "<group>"; };
		685B6405181ACA2500BA0A3A /* NRBTC100Ticker.h */ = {isa = PBXFileReference; fileEncoding = 4; lastKnownFileType = sourcecode.c.h; name = NRBTC100Ticker.h; path = CoinUp/NRBTC100Ticker.h; sourceTree = "<group>"; };
		685B6406181ACA2500BA0A3A /* NRBTC100Ticker.m */ = {isa = PBXFileReference; fileEncoding = 4; lastKnownFileType = sourcecode.c.objc; name = NRBTC100Ticker.m; path = CoinUp/NRBTC100Ticker.m; sourceTree = "<group>"; };
		68863089181CE925003DAF5D /* icon-60@2x.png */ = {isa = PBXFileReference; lastKnownFileType = image.png; path = "icon-60@2x.png"; sourceTree = "<group>"; };
		6886308B181CE995003DAF5D /* icon-Small40@2x.png */ = {isa = PBXFileReference; lastKnownFileType = image.png; path = "icon-Small40@2x.png"; sourceTree = "<group>"; };
		68A7CF74181FA0140097E809 /* NRUIDepthTableViewCell.h */ = {isa = PBXFileReference; fileEncoding = 4; lastKnownFileType = sourcecode.c.h; path = NRUIDepthTableViewCell.h; sourceTree = "<group>"; };
		68A7CF75181FA0140097E809 /* NRUIDepthTableViewCell.m */ = {isa = PBXFileReference; fileEncoding = 4; lastKnownFileType = sourcecode.c.objc; path = NRUIDepthTableViewCell.m; sourceTree = "<group>"; };
		68BEFD681846E31E000E0F7A /* zh-Hans */ = {isa = PBXFileReference; lastKnownFileType = text.plist.strings; name = "zh-Hans"; path = "zh-Hans.lproj/Localizable.strings"; sourceTree = "<group>"; };
		68BEFD6A18470DD2000E0F7A /* NRVerifyViewController.h */ = {isa = PBXFileReference; fileEncoding = 4; lastKnownFileType = sourcecode.c.h; path = NRVerifyViewController.h; sourceTree = "<group>"; };
		68BEFD6B18470DD2000E0F7A /* NRVerifyViewController.m */ = {isa = PBXFileReference; fileEncoding = 4; lastKnownFileType = sourcecode.c.objc; path = NRVerifyViewController.m; sourceTree = "<group>"; };
		68DEDCC3184EAE2E0059E927 /* NRMainViewController.h */ = {isa = PBXFileReference; fileEncoding = 4; lastKnownFileType = sourcecode.c.h; path = NRMainViewController.h; sourceTree = "<group>"; };
		68DEDCC4184EAE2E0059E927 /* NRMainViewController.m */ = {isa = PBXFileReference; fileEncoding = 4; lastKnownFileType = sourcecode.c.objc; path = NRMainViewController.m; sourceTree = "<group>"; };
		68DEDCC6184EB00D0059E927 /* NRSwitchViewController.h */ = {isa = PBXFileReference; fileEncoding = 4; lastKnownFileType = sourcecode.c.h; path = NRSwitchViewController.h; sourceTree = "<group>"; };
		68DEDCC7184EB00D0059E927 /* NRSwitchViewController.m */ = {isa = PBXFileReference; fileEncoding = 4; lastKnownFileType = sourcecode.c.objc; path = NRSwitchViewController.m; sourceTree = "<group>"; };
		68DEDCC9184EB10B0059E927 /* NRLTCViewController.h */ = {isa = PBXFileReference; fileEncoding = 4; lastKnownFileType = sourcecode.c.h; path = NRLTCViewController.h; sourceTree = "<group>"; };
		68DEDCCA184EB10B0059E927 /* NRLTCViewController.m */ = {isa = PBXFileReference; fileEncoding = 4; lastKnownFileType = sourcecode.c.objc; path = NRLTCViewController.m; sourceTree = "<group>"; };
		68FE9D36181CB4D200B1A2CB /* upArrow.png */ = {isa = PBXFileReference; lastKnownFileType = image.png; name = upArrow.png; path = UI/upArrow.png; sourceTree = "<group>"; };
		68FE9D37181CB4D200B1A2CB /* upArrow@2x.png */ = {isa = PBXFileReference; lastKnownFileType = image.png; name = "upArrow@2x.png"; path = "UI/upArrow@2x.png"; sourceTree = "<group>"; };
		866127A2661244BAB89F4D7A /* Pods.xcconfig */ = {isa = PBXFileReference; includeInIndex = 1; lastKnownFileType = text.xcconfig; name = Pods.xcconfig; path = Pods/Pods.xcconfig; sourceTree = "<group>"; };
		90EBD547FE7E497B897973A8 /* libPods.a */ = {isa = PBXFileReference; explicitFileType = archive.ar; includeInIndex = 0; path = libPods.a; sourceTree = BUILT_PRODUCTS_DIR; };
/* End PBXFileReference section */

/* Begin PBXFrameworksBuildPhase section */
		6830502E1819FE5500BCEFE1 /* Frameworks */ = {
			isa = PBXFrameworksBuildPhase;
			buildActionMask = 2147483647;
			files = (
				680CBB941822700F007FA794 /* QuartzCore.framework in Frameworks */,
				683050351819FE5500BCEFE1 /* UIKit.framework in Frameworks */,
				683050371819FE5500BCEFE1 /* Foundation.framework in Frameworks */,
				683050391819FE5500BCEFE1 /* CoreGraphics.framework in Frameworks */,
				680CBB9218226FCE007FA794 /* libCorePlot-CocoaTouch.a in Frameworks */,
				6F3FFF6EECA2450FBEC29B09 /* libPods.a in Frameworks */,
			);
			runOnlyForDeploymentPostprocessing = 0;
		};
/* End PBXFrameworksBuildPhase section */

/* Begin PBXGroup section */
		680CBB4118226FCE007FA794 /* CorePlot */ = {
			isa = PBXGroup;
			children = (
				680CBB4218226FCE007FA794 /* CorePlotHeaders */,
				680CBB9118226FCE007FA794 /* libCorePlot-CocoaTouch.a */,
			);
			name = CorePlot;
			path = CoinUp/Libraries/CorePlot;
			sourceTree = "<group>";
		};
		680CBB4218226FCE007FA794 /* CorePlotHeaders */ = {
			isa = PBXGroup;
			children = (
				680CBB4318226FCE007FA794 /* CorePlot-CocoaTouch.h */,
				680CBB4418226FCE007FA794 /* CPTAnimation.h */,
				680CBB4518226FCE007FA794 /* CPTAnimationOperation.h */,
				680CBB4618226FCE007FA794 /* CPTAnimationPeriod.h */,
				680CBB4718226FCE007FA794 /* CPTAnnotation.h */,
				680CBB4818226FCE007FA794 /* CPTAnnotationHostLayer.h */,
				680CBB4918226FCE007FA794 /* CPTAxis.h */,
				680CBB4A18226FCE007FA794 /* CPTAxisLabel.h */,
				680CBB4B18226FCE007FA794 /* CPTAxisLabelGroup.h */,
				680CBB4C18226FCE007FA794 /* CPTAxisSet.h */,
				680CBB4D18226FCE007FA794 /* CPTAxisTitle.h */,
				680CBB4E18226FCE007FA794 /* CPTBarPlot.h */,
				680CBB4F18226FCE007FA794 /* CPTBorderedLayer.h */,
				680CBB5018226FCE007FA794 /* CPTCalendarFormatter.h */,
				680CBB5118226FCE007FA794 /* CPTColor.h */,
				680CBB5218226FCE007FA794 /* CPTColorSpace.h */,
				680CBB5318226FCE007FA794 /* CPTConstraints.h */,
				680CBB5418226FCE007FA794 /* CPTDataSourceTestCase.h */,
				680CBB5518226FCE007FA794 /* CPTDefinitions.h */,
				680CBB5618226FCE007FA794 /* CPTDerivedXYGraph.h */,
				680CBB5718226FCE007FA794 /* CPTExceptions.h */,
				680CBB5818226FCE007FA794 /* CPTFill.h */,
				680CBB5918226FCE007FA794 /* CPTFunctionDataSource.h */,
				680CBB5A18226FCE007FA794 /* CPTGradient.h */,
				680CBB5B18226FCE007FA794 /* CPTGraph.h */,
				680CBB5C18226FCE007FA794 /* CPTGraphHostingView.h */,
				680CBB5D18226FCE007FA794 /* CPTGridLineGroup.h */,
				680CBB5E18226FCE007FA794 /* CPTGridLines.h */,
				680CBB5F18226FCE007FA794 /* CPTImage.h */,
				680CBB6018226FCE007FA794 /* CPTLayer.h */,
				680CBB6118226FCE007FA794 /* CPTLayerAnnotation.h */,
				680CBB6218226FCE007FA794 /* CPTLegend.h */,
				680CBB6318226FCE007FA794 /* CPTLegendEntry.h */,
				680CBB6418226FCE007FA794 /* CPTLimitBand.h */,
				680CBB6518226FCE007FA794 /* CPTLineCap.h */,
				680CBB6618226FCE007FA794 /* CPTLineStyle.h */,
				680CBB6718226FCE007FA794 /* CPTMutableLineStyle.h */,
				680CBB6818226FCE007FA794 /* CPTMutableNumericData+TypeConversion.h */,
				680CBB6918226FCE007FA794 /* CPTMutableNumericData.h */,
				680CBB6A18226FCE007FA794 /* CPTMutablePlotRange.h */,
				680CBB6B18226FCE007FA794 /* CPTMutableShadow.h */,
				680CBB6C18226FCE007FA794 /* CPTMutableTextStyle.h */,
				680CBB6D18226FCE007FA794 /* CPTNumericData+TypeConversion.h */,
				680CBB6E18226FCE007FA794 /* CPTNumericData.h */,
				680CBB6F18226FCE007FA794 /* CPTNumericDataType.h */,
				680CBB7018226FCE007FA794 /* CPTPathExtensions.h */,
				680CBB7118226FCE007FA794 /* CPTPieChart.h */,
				680CBB7218226FCE007FA794 /* CPTPlatformSpecificCategories.h */,
				680CBB7318226FCE007FA794 /* CPTPlatformSpecificDefines.h */,
				680CBB7418226FCE007FA794 /* CPTPlatformSpecificFunctions.h */,
				680CBB7518226FCE007FA794 /* CPTPlot.h */,
				680CBB7618226FCE007FA794 /* CPTPlotArea.h */,
				680CBB7718226FCE007FA794 /* CPTPlotAreaFrame.h */,
				680CBB7818226FCE007FA794 /* CPTPlotGroup.h */,
				680CBB7918226FCE007FA794 /* CPTPlotRange.h */,
				680CBB7A18226FCE007FA794 /* CPTPlotSpace.h */,
				680CBB7B18226FCE007FA794 /* CPTPlotSpaceAnnotation.h */,
				680CBB7C18226FCE007FA794 /* CPTPlotSymbol.h */,
				680CBB7D18226FCE007FA794 /* CPTRangePlot.h */,
				680CBB7E18226FCE007FA794 /* CPTResponder.h */,
				680CBB7F18226FCE007FA794 /* CPTScatterPlot.h */,
				680CBB8018226FCE007FA794 /* CPTShadow.h */,
				680CBB8118226FCE007FA794 /* CPTTestCase.h */,
				680CBB8218226FCE007FA794 /* CPTTextLayer.h */,
				680CBB8318226FCE007FA794 /* CPTTextStyle.h */,
				680CBB8418226FCE007FA794 /* CPTTextStylePlatformSpecific.h */,
				680CBB8518226FCE007FA794 /* CPTTheme.h */,
				680CBB8618226FCE007FA794 /* CPTTimeFormatter.h */,
				680CBB8718226FCE007FA794 /* CPTTradingRangePlot.h */,
				680CBB8818226FCE007FA794 /* CPTUtilities.h */,
				680CBB8918226FCE007FA794 /* CPTXYAxis.h */,
				680CBB8A18226FCE007FA794 /* CPTXYAxisSet.h */,
				680CBB8B18226FCE007FA794 /* CPTXYGraph.h */,
				680CBB8C18226FCE007FA794 /* CPTXYPlotSpace.h */,
				680CBB8D18226FCE007FA794 /* mainpage.h */,
				680CBB8E18226FCE007FA794 /* NSCoderExtensions.h */,
				680CBB8F18226FCE007FA794 /* NSDecimalNumberExtensions.h */,
				680CBB9018226FCE007FA794 /* NSNumberExtensions.h */,
			);
			path = CorePlotHeaders;
			sourceTree = "<group>";
		};
		682DB7C4181B947B0021F509 /* Ticker */ = {
			isa = PBXGroup;
			children = (
				6830505F181A068E00BCEFE1 /* NRBTCTicker.h */,
				68305060181A068E00BCEFE1 /* NRBTCTicker.m */,
				685B6405181ACA2500BA0A3A /* NRBTC100Ticker.h */,
				685B6406181ACA2500BA0A3A /* NRBTC100Ticker.m */,
				685B6402181AC7BD00BA0A3A /* NRHUOBITicker.h */,
				685B6403181AC7BD00BA0A3A /* NRHUOBITicker.m */,
				685B63FF181AC02600BA0A3A /* NRBTCCHINATicker.h */,
				685B6400181AC02600BA0A3A /* NRBTCCHINATicker.m */,
				685B63FC181AC00100BA0A3A /* NRCHBTCTicker.h */,
				68305073181AB82D00BCEFE1 /* NRCHBTCTicker.m */,
				6830506F181AB0E300BCEFE1 /* NRBITSTAMPTicker.h */,
				68305070181AB0E300BCEFE1 /* NRBITSTAMPTicker.m */,
				6830506C181AAC0300BCEFE1 /* NRMTGOXTicker.h */,
				6830506D181AAC0300BCEFE1 /* NRMTGOXTicker.m */,
				68305069181A795600BCEFE1 /* NRBTCTRADETicker.h */,
				6830506A181A795600BCEFE1 /* NRBTCTRADETicker.m */,
				68305062181A06D700BCEFE1 /* NRFXBTCTicker.h */,
				68305063181A06D700BCEFE1 /* NRFXBTCTicker.m */,
				683050571819FE8B00BCEFE1 /* NROKCoinTicker.h */,
				683050581819FE8B00BCEFE1 /* NROKCoinTicker.m */,
			);
			name = Ticker;
			sourceTree = "<group>";
		};
		683050281819FE5500BCEFE1 = {
			isa = PBXGroup;
			children = (
				68464D0E181B548D00E446E7 /* Default-568h@2x.png */,
				68464D0C181B53F700E446E7 /* Default@2x.png */,
				68464D0A181B538D00E446E7 /* Default.png */,
				6830505A1819FE9900BCEFE1 /* Libraries */,
				682DB7C4181B947B0021F509 /* Ticker */,
				6830503A1819FE5500BCEFE1 /* CoinUp */,
				683050331819FE5500BCEFE1 /* Frameworks */,
				683050321819FE5500BCEFE1 /* Products */,
				866127A2661244BAB89F4D7A /* Pods.xcconfig */,
			);
			sourceTree = "<group>";
		};
		683050321819FE5500BCEFE1 /* Products */ = {
			isa = PBXGroup;
			children = (
				683050311819FE5500BCEFE1 /* CoinUp.app */,
			);
			name = Products;
			sourceTree = "<group>";
		};
		683050331819FE5500BCEFE1 /* Frameworks */ = {
			isa = PBXGroup;
			children = (
				680CBB931822700E007FA794 /* QuartzCore.framework */,
				683050341819FE5500BCEFE1 /* UIKit.framework */,
				683050361819FE5500BCEFE1 /* Foundation.framework */,
				683050381819FE5500BCEFE1 /* CoreGraphics.framework */,
				90EBD547FE7E497B897973A8 /* libPods.a */,
			);
			name = Frameworks;
			sourceTree = "<group>";
		};
		6830503A1819FE5500BCEFE1 /* CoinUp */ = {
			isa = PBXGroup;
			children = (
				68305066181A3C9100BCEFE1 /* ToolBox.h */,
				68305067181A3C9100BCEFE1 /* ToolBox.m */,
				68305065181A0C9500BCEFE1 /* NRCoinUpBoard.h */,
				683050431819FE5500BCEFE1 /* NRAppDelegate.h */,
				683050441819FE5500BCEFE1 /* NRAppDelegate.m */,
				6830504C1819FE5500BCEFE1 /* MainStoryboard.storyboard */,
				680CBB951822717B007FA794 /* DataPuller.h */,
				680CBB961822717B007FA794 /* DataPuller.m */,
				682DB7C5181B98450021F509 /* NRUITradeTableViewCell.h */,
				682DB7C6181B98450021F509 /* NRUITradeTableViewCell.m */,
				68A7CF74181FA0140097E809 /* NRUIDepthTableViewCell.h */,
				68A7CF75181FA0140097E809 /* NRUIDepthTableViewCell.m */,
				68BEFD6A18470DD2000E0F7A /* NRVerifyViewController.h */,
				68BEFD6B18470DD2000E0F7A /* NRVerifyViewController.m */,
				68DEDCC3184EAE2E0059E927 /* NRMainViewController.h */,
				68DEDCC4184EAE2E0059E927 /* NRMainViewController.m */,
				68DEDCC6184EB00D0059E927 /* NRSwitchViewController.h */,
				68DEDCC7184EB00D0059E927 /* NRSwitchViewController.m */,
				6830504F1819FE5500BCEFE1 /* NRViewController.h */,
				683050501819FE5500BCEFE1 /* NRViewController.m */,
				68DEDCC9184EB10B0059E927 /* NRLTCViewController.h */,
				68DEDCCA184EB10B0059E927 /* NRLTCViewController.m */,
				6830503B1819FE5500BCEFE1 /* Supporting Files */,
			);
			path = CoinUp;
			sourceTree = "<group>";
		};
		6830503B1819FE5500BCEFE1 /* Supporting Files */ = {
			isa = PBXGroup;
			children = (
				68BEFD661846E303000E0F7A /* SimpleChineseLocalization */,
				68BEFD651846E2F5000E0F7A /* EnglishLocalization */,
				68FE9D35181CB4C800B1A2CB /* UI */,
				68863089181CE925003DAF5D /* icon-60@2x.png */,
				68464CF6181B52C100E446E7 /* Icon-72.png */,
				68464CF7181B52C100E446E7 /* Icon-72@2x.png */,
				68464CF8181B52C100E446E7 /* Icon-Small-50.png */,
				68464CF9181B52C100E446E7 /* Icon-Small-50@2x.png */,
				68464CFA181B52C100E446E7 /* Icon-Small.png */,
				68464CFB181B52C100E446E7 /* Icon-Small@2x.png */,
				6886308B181CE995003DAF5D /* icon-Small40@2x.png */,
				68464CFC181B52C100E446E7 /* Icon.png */,
				68464CFD181B52C100E446E7 /* Icon@2x.png */,
				6830503C1819FE5500BCEFE1 /* CoinUp-Info.plist */,
				6830503D1819FE5500BCEFE1 /* InfoPlist.strings */,
				683050401819FE5500BCEFE1 /* main.m */,
				683050421819FE5500BCEFE1 /* CoinUp-Prefix.pch */,
				683050461819FE5500BCEFE1 /* Default.png */,
				683050481819FE5500BCEFE1 /* Default@2x.png */,
				6830504A1819FE5500BCEFE1 /* Default-568h@2x.png */,
			);
			name = "Supporting Files";
			sourceTree = "<group>";
		};
		6830505A1819FE9900BCEFE1 /* Libraries */ = {
			isa = PBXGroup;
			children = (
				6839E40318349F27005EEF52 /* FSPopDialog */,
				680CBB4118226FCE007FA794 /* CorePlot */,
				6830505B1819FEE100BCEFE1 /* JSONKit */,
			);
			name = Libraries;
			sourceTree = "<group>";
		};
		6830505B1819FEE100BCEFE1 /* JSONKit */ = {
			isa = PBXGroup;
			children = (
				6830505C1819FEE100BCEFE1 /* JSONKit.h */,
				6830505D1819FEE100BCEFE1 /* JSONKit.m */,
			);
			name = JSONKit;
			path = CoinUp/Libraries/JSONKit;
			sourceTree = "<group>";
		};
		6839E40318349F27005EEF52 /* FSPopDialog */ = {
			isa = PBXGroup;
			children = (
				6839E40418349F27005EEF52 /* FSPopDialogViewController.h */,
				6839E40518349F27005EEF52 /* FSPopDialogViewController.m */,
				6839E4071834B715005EEF52 /* FSPopDialogBackgroundView.h */,
				6839E4081834B715005EEF52 /* FSPopDialogBackgroundView.m */,
			);
			name = FSPopDialog;
			path = CoinUp/Libraries/FSPopDialog;
			sourceTree = "<group>";
		};
		68BEFD651846E2F5000E0F7A /* EnglishLocalization */ = {
			isa = PBXGroup;
			children = (
				68238B381846E2B90093FF06 /* Localizable.strings */,
			);
			name = EnglishLocalization;
			sourceTree = "<group>";
		};
		68BEFD661846E303000E0F7A /* SimpleChineseLocalization */ = {
			isa = PBXGroup;
			children = (
				68BEFD671846E31E000E0F7A /* Localizable.strings */,
			);
			name = SimpleChineseLocalization;
			sourceTree = "<group>";
		};
		68FE9D35181CB4C800B1A2CB /* UI */ = {
			isa = PBXGroup;
			children = (
				68FE9D36181CB4D200B1A2CB /* upArrow.png */,
				68FE9D37181CB4D200B1A2CB /* upArrow@2x.png */,
			);
			name = UI;
			sourceTree = "<group>";
		};
/* End PBXGroup section */

/* Begin PBXNativeTarget section */
		683050301819FE5500BCEFE1 /* CoinUp */ = {
			isa = PBXNativeTarget;
			buildConfigurationList = 683050541819FE5500BCEFE1 /* Build configuration list for PBXNativeTarget "CoinUp" */;
			buildPhases = (
				8D82929FC55B4F4DBEB74B62 /* Check Pods Manifest.lock */,
				6830502D1819FE5500BCEFE1 /* Sources */,
				6830502E1819FE5500BCEFE1 /* Frameworks */,
				6830502F1819FE5500BCEFE1 /* Resources */,
				6F1F3EBC5D2D4E769ECD4864 /* Copy Pods Resources */,
			);
			buildRules = (
			);
			dependencies = (
			);
			name = CoinUp;
			productName = CoinUp;
			productReference = 683050311819FE5500BCEFE1 /* CoinUp.app */;
			productType = "com.apple.product-type.application";
		};
/* End PBXNativeTarget section */

/* Begin PBXProject section */
		683050291819FE5500BCEFE1 /* Project object */ = {
			isa = PBXProject;
			attributes = {
				CLASSPREFIX = NR;
				LastUpgradeCheck = 0460;
				ORGANIZATIONNAME = Nonomori;
				TargetAttributes = {
					683050301819FE5500BCEFE1 = {
						DevelopmentTeam = 268U84W7J3;
					};
				};
			};
			buildConfigurationList = 6830502C1819FE5500BCEFE1 /* Build configuration list for PBXProject "CoinUp" */;
			compatibilityVersion = "Xcode 3.2";
			developmentRegion = English;
			hasScannedForEncodings = 0;
			knownRegions = (
				en,
				"zh-Hans",
			);
			mainGroup = 683050281819FE5500BCEFE1;
			productRefGroup = 683050321819FE5500BCEFE1 /* Products */;
			projectDirPath = "";
			projectRoot = "";
			targets = (
				683050301819FE5500BCEFE1 /* CoinUp */,
			);
		};
/* End PBXProject section */

/* Begin PBXResourcesBuildPhase section */
		6830502F1819FE5500BCEFE1 /* Resources */ = {
			isa = PBXResourcesBuildPhase;
			buildActionMask = 2147483647;
			files = (
				680A4957184799A20097337D /* Localizable.strings in Resources */,
				680A4955184799850097337D /* Icon.png in Resources */,
				680A4956184799850097337D /* Icon@2x.png in Resources */,
				6830503F1819FE5500BCEFE1 /* InfoPlist.strings in Resources */,
				6830504E1819FE5500BCEFE1 /* MainStoryboard.storyboard in Resources */,
				68FE9D39181CB4D200B1A2CB /* upArrow@2x.png in Resources */,
				68464CFE181B52C100E446E7 /* Icon-72.png in Resources */,
				68464CFF181B52C100E446E7 /* Icon-72@2x.png in Resources */,
				68464D00181B52C100E446E7 /* Icon-Small-50.png in Resources */,
				68464D01181B52C100E446E7 /* Icon-Small-50@2x.png in Resources */,
				6886308A181CE925003DAF5D /* icon-60@2x.png in Resources */,
				68464D02181B52C100E446E7 /* Icon-Small.png in Resources */,
				68464D03181B52C100E446E7 /* Icon-Small@2x.png in Resources */,
				6886308C181CE995003DAF5D /* icon-Small40@2x.png in Resources */,
				68464D0B181B538D00E446E7 /* Default.png in Resources */,
				68464D0D181B53F700E446E7 /* Default@2x.png in Resources */,
				68238B3A1846E2B90093FF06 /* Localizable.strings in Resources */,
				68FE9D38181CB4D200B1A2CB /* upArrow.png in Resources */,
				68464D0F181B548D00E446E7 /* Default-568h@2x.png in Resources */,
			);
			runOnlyForDeploymentPostprocessing = 0;
		};
/* End PBXResourcesBuildPhase section */

/* Begin PBXShellScriptBuildPhase section */
		6F1F3EBC5D2D4E769ECD4864 /* Copy Pods Resources */ = {
			isa = PBXShellScriptBuildPhase;
			buildActionMask = 2147483647;
			files = (
			);
			inputPaths = (
			);
			name = "Copy Pods Resources";
			outputPaths = (
			);
			runOnlyForDeploymentPostprocessing = 0;
			shellPath = /bin/sh;
			shellScript = "\"${SRCROOT}/Pods/Pods-resources.sh\"\n";
			showEnvVarsInLog = 0;
		};
		8D82929FC55B4F4DBEB74B62 /* Check Pods Manifest.lock */ = {
			isa = PBXShellScriptBuildPhase;
			buildActionMask = 2147483647;
			files = (
			);
			inputPaths = (
			);
			name = "Check Pods Manifest.lock";
			outputPaths = (
			);
			runOnlyForDeploymentPostprocessing = 0;
			shellPath = /bin/sh;
			shellScript = "diff \"${PODS_ROOT}/../Podfile.lock\" \"${PODS_ROOT}/Manifest.lock\" > /dev/null\nif [[ $? != 0 ]] ; then\n    cat << EOM\nerror: The sandbox is not in sync with the Podfile.lock. Run 'pod install' or update your CocoaPods installation.\nEOM\n    exit 1\nfi\n";
			showEnvVarsInLog = 0;
		};
/* End PBXShellScriptBuildPhase section */

/* Begin PBXSourcesBuildPhase section */
		6830502D1819FE5500BCEFE1 /* Sources */ = {
			isa = PBXSourcesBuildPhase;
			buildActionMask = 2147483647;
			files = (
				68A7CF76181FA0140097E809 /* NRUIDepthTableViewCell.m in Sources */,
				683050411819FE5500BCEFE1 /* main.m in Sources */,
				683050451819FE5500BCEFE1 /* NRAppDelegate.m in Sources */,
				68DEDCC8184EB00D0059E927 /* NRSwitchViewController.m in Sources */,
				68DEDCC5184EAE2E0059E927 /* NRMainViewController.m in Sources */,
				683050511819FE5500BCEFE1 /* NRViewController.m in Sources */,
				683050591819FE8B00BCEFE1 /* NROKCoinTicker.m in Sources */,
				6830505E1819FEE100BCEFE1 /* JSONKit.m in Sources */,
				68305061181A068E00BCEFE1 /* NRBTCTicker.m in Sources */,
				6839E40618349F27005EEF52 /* FSPopDialogViewController.m in Sources */,
				68DEDCCB184EB10B0059E927 /* NRLTCViewController.m in Sources */,
				68305064181A06D700BCEFE1 /* NRFXBTCTicker.m in Sources */,
				6839E4091834B715005EEF52 /* FSPopDialogBackgroundView.m in Sources */,
				68305068181A3C9100BCEFE1 /* ToolBox.m in Sources */,
				6830506B181A795600BCEFE1 /* NRBTCTRADETicker.m in Sources */,
				6830506E181AAC0300BCEFE1 /* NRMTGOXTicker.m in Sources */,
				68305071181AB0E400BCEFE1 /* NRBITSTAMPTicker.m in Sources */,
				68305074181AB82E00BCEFE1 /* NRCHBTCTicker.m in Sources */,
				68BEFD6C18470DD2000E0F7A /* NRVerifyViewController.m in Sources */,
				680CBB971822717B007FA794 /* DataPuller.m in Sources */,
				685B6401181AC02600BA0A3A /* NRBTCCHINATicker.m in Sources */,
				685B6404181AC7BD00BA0A3A /* NRHUOBITicker.m in Sources */,
				685B6407181ACA2500BA0A3A /* NRBTC100Ticker.m in Sources */,
				682DB7C7181B98450021F509 /* NRUITradeTableViewCell.m in Sources */,
			);
			runOnlyForDeploymentPostprocessing = 0;
		};
/* End PBXSourcesBuildPhase section */

/* Begin PBXVariantGroup section */
		68238B381846E2B90093FF06 /* Localizable.strings */ = {
			isa = PBXVariantGroup;
			children = (
				68238B391846E2B90093FF06 /* en */,
			);
			name = Localizable.strings;
			sourceTree = "<group>";
		};
		6830503D1819FE5500BCEFE1 /* InfoPlist.strings */ = {
			isa = PBXVariantGroup;
			children = (
				6830503E1819FE5500BCEFE1 /* en */,
				68238B371846DFC10093FF06 /* zh-Hans */,
			);
			name = InfoPlist.strings;
			sourceTree = "<group>";
		};
		6830504C1819FE5500BCEFE1 /* MainStoryboard.storyboard */ = {
			isa = PBXVariantGroup;
			children = (
				6830504D1819FE5500BCEFE1 /* en */,
				68238B361846DFC10093FF06 /* zh-Hans */,
			);
			name = MainStoryboard.storyboard;
			sourceTree = "<group>";
		};
		68BEFD671846E31E000E0F7A /* Localizable.strings */ = {
			isa = PBXVariantGroup;
			children = (
				68BEFD681846E31E000E0F7A /* zh-Hans */,
			);
			name = Localizable.strings;
			sourceTree = "<group>";
		};
/* End PBXVariantGroup section */

/* Begin XCBuildConfiguration section */
		683050521819FE5500BCEFE1 /* Debug */ = {
			isa = XCBuildConfiguration;
			buildSettings = {
				ALWAYS_SEARCH_USER_PATHS = NO;
				CLANG_CXX_LANGUAGE_STANDARD = "gnu++0x";
				CLANG_CXX_LIBRARY = "libc++";
				CLANG_ENABLE_OBJC_ARC = YES;
				CLANG_WARN_CONSTANT_CONVERSION = YES;
				CLANG_WARN_EMPTY_BODY = YES;
				CLANG_WARN_ENUM_CONVERSION = YES;
				CLANG_WARN_INT_CONVERSION = YES;
				CLANG_WARN__DUPLICATE_METHOD_MATCH = YES;
				CODE_SIGN_IDENTITY = "iPhone Developer";
				"CODE_SIGN_IDENTITY[sdk=iphoneos*]" = "iPhone Developer";
				COPY_PHASE_STRIP = NO;
				GCC_C_LANGUAGE_STANDARD = gnu99;
				GCC_DYNAMIC_NO_PIC = NO;
				GCC_OPTIMIZATION_LEVEL = 0;
				GCC_PREPROCESSOR_DEFINITIONS = (
					"DEBUG=1",
					"$(inherited)",
				);
				GCC_SYMBOLS_PRIVATE_EXTERN = NO;
				GCC_WARN_ABOUT_RETURN_TYPE = YES;
				GCC_WARN_UNINITIALIZED_AUTOS = YES;
				GCC_WARN_UNUSED_VARIABLE = YES;
				IPHONEOS_DEPLOYMENT_TARGET = 6.0;
				ONLY_ACTIVE_ARCH = YES;
				SDKROOT = iphoneos;
			};
			name = Debug;
		};
		683050531819FE5500BCEFE1 /* Release */ = {
			isa = XCBuildConfiguration;
			buildSettings = {
				ALWAYS_SEARCH_USER_PATHS = NO;
				CLANG_CXX_LANGUAGE_STANDARD = "gnu++0x";
				CLANG_CXX_LIBRARY = "libc++";
				CLANG_ENABLE_OBJC_ARC = YES;
				CLANG_WARN_CONSTANT_CONVERSION = YES;
				CLANG_WARN_EMPTY_BODY = YES;
				CLANG_WARN_ENUM_CONVERSION = YES;
				CLANG_WARN_INT_CONVERSION = YES;
				CLANG_WARN__DUPLICATE_METHOD_MATCH = YES;
				CODE_SIGN_IDENTITY = "iPhone Distribution";
				"CODE_SIGN_IDENTITY[sdk=iphoneos*]" = "iPhone Distribution";
				COPY_PHASE_STRIP = YES;
				GCC_C_LANGUAGE_STANDARD = gnu99;
				GCC_WARN_ABOUT_RETURN_TYPE = YES;
				GCC_WARN_UNINITIALIZED_AUTOS = YES;
				GCC_WARN_UNUSED_VARIABLE = YES;
				IPHONEOS_DEPLOYMENT_TARGET = 6.0;
				OTHER_CFLAGS = "-DNS_BLOCK_ASSERTIONS=1";
				PROVISIONING_PROFILE = "";
				"PROVISIONING_PROFILE[sdk=iphoneos*]" = "";
				SDKROOT = iphoneos;
				VALIDATE_PRODUCT = YES;
			};
			name = Release;
		};
		683050551819FE5500BCEFE1 /* Debug */ = {
			isa = XCBuildConfiguration;
			baseConfigurationReference = 866127A2661244BAB89F4D7A /* Pods.xcconfig */;
			buildSettings = {
				CODE_SIGN_IDENTITY = "iPhone Developer";
				"CODE_SIGN_IDENTITY[sdk=iphoneos*]" = "iPhone Developer";
				GCC_PRECOMPILE_PREFIX_HEADER = YES;
				GCC_PREFIX_HEADER = "CoinUp/CoinUp-Prefix.pch";
				INFOPLIST_FILE = "CoinUp/CoinUp-Info.plist";
				IPHONEOS_DEPLOYMENT_TARGET = 6.0;
				LIBRARY_SEARCH_PATHS = (
					"$(inherited)",
					"$(SRCROOT)/CoinUp/Libraries/CorePlot\n",
				);
				OTHER_LDFLAGS = "-ObjC";
				PRODUCT_NAME = "$(TARGET_NAME)";
				PROVISIONING_PROFILE = "D8DD777F-8C20-4179-9AA7-430D600245D7";
				WRAPPER_EXTENSION = app;
			};
			name = Debug;
		};
		683050561819FE5500BCEFE1 /* Release */ = {
			isa = XCBuildConfiguration;
			baseConfigurationReference = 866127A2661244BAB89F4D7A /* Pods.xcconfig */;
			buildSettings = {
				CODE_SIGN_IDENTITY = "iPhone Distribution: zhefu wang (268U84W7J3)";
				"CODE_SIGN_IDENTITY[sdk=iphoneos*]" = "iPhone Distribution";
				GCC_PRECOMPILE_PREFIX_HEADER = YES;
				GCC_PREFIX_HEADER = "CoinUp/CoinUp-Prefix.pch";
				INFOPLIST_FILE = "CoinUp/CoinUp-Info.plist";
				IPHONEOS_DEPLOYMENT_TARGET = 6.0;
				LIBRARY_SEARCH_PATHS = (
					"$(inherited)",
					"$(SRCROOT)/CoinUp/Libraries/CorePlot\n",
				);
				OTHER_LDFLAGS = "-ObjC";
				PRODUCT_NAME = "$(TARGET_NAME)";
				PROVISIONING_PROFILE = "6BF9CFB0-4C7E-4393-A8BB-4E2FDA5CEAEC";
				"PROVISIONING_PROFILE[sdk=iphoneos*]" = "";
				WRAPPER_EXTENSION = app;
			};
			name = Release;
		};
/* End XCBuildConfiguration section */

/* Begin XCConfigurationList section */
		6830502C1819FE5500BCEFE1 /* Build configuration list for PBXProject "CoinUp" */ = {
			isa = XCConfigurationList;
			buildConfigurations = (
				683050521819FE5500BCEFE1 /* Debug */,
				683050531819FE5500BCEFE1 /* Release */,
			);
			defaultConfigurationIsVisible = 0;
			defaultConfigurationName = Release;
		};
		683050541819FE5500BCEFE1 /* Build configuration list for PBXNativeTarget "CoinUp" */ = {
			isa = XCConfigurationList;
			buildConfigurations = (
				683050551819FE5500BCEFE1 /* Debug */,
				683050561819FE5500BCEFE1 /* Release */,
			);
			defaultConfigurationIsVisible = 0;
			defaultConfigurationName = Release;
		};
/* End XCConfigurationList section */
	};
	rootObject = 683050291819FE5500BCEFE1 /* Project object */;
}
